
Microsoft Visual Studio Solution File, Format Version 12.00
# Visual Studio Version 17
VisualStudioVersion = 17.13.35828.75 d17.13
MinimumVisualStudioVersion = 10.0.40219.1
Project("{FAE04EC0-301F-11D3-BF4B-00C04F79EFBC}") = "BookSearchApp", "BookSearchApp\BookSearchApp.csproj", "{2F2EFA7B-3510-41A3-8B7B-C30F5B964B6A}"
EndProject
Global
	GlobalSection(SolutionConfigurationPlatforms) = preSolution
		Debug|Any CPU = Debug|Any CPU
		Release|Any CPU = Release|Any CPU
	EndGlobalSection
	GlobalSection(ProjectConfigurationPlatforms) = postSolution
		{2F2EFA7B-3510-41A3-8B7B-C30F5B964B6A}.Debug|Any CPU.ActiveCfg = Debug|Any CPU
		{2F2EFA7B-3510-41A3-8B7B-C30F5B964B6A}.Debug|Any CPU.Build.0 = Debug|Any CPU
		{2F2EFA7B-3510-41A3-8B7B-C30F5B964B6A}.Release|Any CPU.ActiveCfg = Release|Any CPU
		{2F2EFA7B-3510-41A3-8B7B-C30F5B964B6A}.Release|Any CPU.Build.0 = Release|Any CPU
	EndGlobalSection
	GlobalSection(SolutionProperties) = preSolution
		HideSolutionNode = FALSE
	EndGlobalSection
	GlobalSection(ExtensibilityGlobals) = postSolution
		SolutionGuid = {FAED2C08-5FDF-4522-AF58-BE8DBB1C44D7}
	EndGlobalSection
EndGlobal
